
Microsoft Visual Studio Solution File, Format Version 12.00
# Visual Studio Version 17
VisualStudioVersion = 17.7.34024.191
MinimumVisualStudioVersion = 10.0.40219.1
Project("{FAE04EC0-301F-11D3-BF4B-00C04F79EFBC}") = "HelloWorldApp", "HelloWorldApp.csproj", "{8AE5B03D-733B-4E3D-A8C8-D00914F4F19B}"
EndProject
Global
	GlobalSection(SolutionConfigurationPlatforms) = preSolution
		Debug|Any CPU = Debug|Any CPU
		Release|Any CPU = Release|Any CPU
	EndGlobalSection
	GlobalSection(ProjectConfigurationPlatforms) = postSolution
		{8AE5B03D-733B-4E3D-A8C8-D00914F4F19B}.Debug|Any CPU.ActiveCfg = Debug|Any CPU
		{8AE5B03D-733B-4E3D-A8C8-D00914F4F19B}.Debug|Any CPU.Build.0 = Debug|Any CPU
		{8AE5B03D-733B-4E3D-A8C8-D00914F4F19B}.Release|Any CPU.ActiveCfg = Release|Any CPU
		{8AE5B03D-733B-4E3D-A8C8-D00914F4F19B}.Release|Any CPU.Build.0 = Release|Any CPU
	EndGlobalSection
	GlobalSection(SolutionProperties) = preSolution
		HideSolutionNode = FALSE
	EndGlobalSection
	GlobalSection(ExtensibilityGlobals) = postSolution
		SolutionGuid = {2CBB47A8-13EF-417D-A952-4A3C42E932D6}
	EndGlobalSection
EndGlobal
